// !$*UTF8*$!
{
	archiveVersion = 1;
	classes = {
	};
	objectVersion = 46;
	objects = {

/* Begin PBXBuildFile section */
		F09EC5251F9ED33E00DDC55E /* Team.c in Sources */ = {isa = PBXBuildFile; fileRef = F0F854211F9E89D000BE286D /* Team.c */; };
		F09EC5451FA12CFE00DDC55E /* partB.c in Sources */ = {isa = PBXBuildFile; fileRef = F09EC51F1F9ECA6100DDC55E /* partB.c */; };
		F0F8541E1F9E77FE00BE286D /* MyString.c in Sources */ = {isa = PBXBuildFile; fileRef = F0F8541C1F9E77FE00BE286D /* MyString.c */; };
/* End PBXBuildFile section */

/* Begin PBXCopyFilesBuildPhase section */
		F0F854101F9E776300BE286D /* CopyFiles */ = {
			isa = PBXCopyFilesBuildPhase;
			buildActionMask = 2147483647;
			dstPath = /usr/share/man/man1/;
			dstSubfolderSpec = 0;
			files = (
			);
			runOnlyForDeploymentPostprocessing = 1;
		};
/* End PBXCopyFilesBuildPhase section */

/* Begin PBXFileReference section */
		F09EC51F1F9ECA6100DDC55E /* partB.c */ = {isa = PBXFileReference; fileEncoding = 4; lastKnownFileType = sourcecode.c.c; path = partB.c; sourceTree = "<group>"; };
		F09EC5271F9ED67600DDC55E /* partC.c */ = {isa = PBXFileReference; fileEncoding = 4; lastKnownFileType = sourcecode.c.c; path = partC.c; sourceTree = "<group>"; };
		F0F854121F9E776300BE286D /* lab4 */ = {isa = PBXFileReference; explicitFileType = "compiled.mach-o.executable"; includeInIndex = 0; path = lab4; sourceTree = BUILT_PRODUCTS_DIR; };
		F0F854151F9E776300BE286D /* part1.c */ = {isa = PBXFileReference; lastKnownFileType = sourcecode.c.c; path = part1.c; sourceTree = "<group>"; };
		F0F8541C1F9E77FE00BE286D /* MyString.c */ = {isa = PBXFileReference; fileEncoding = 4; lastKnownFileType = sourcecode.c.c; path = MyString.c; sourceTree = "<group>"; };
		F0F8541D1F9E77FE00BE286D /* MyString.h */ = {isa = PBXFileReference; fileEncoding = 4; lastKnownFileType = sourcecode.c.h; path = MyString.h; sourceTree = "<group>"; };
		F0F8541F1F9E887800BE286D /* partA.c */ = {isa = PBXFileReference; fileEncoding = 4; lastKnownFileType = sourcecode.c.c; path = partA.c; sourceTree = "<group>"; };
		F0F854211F9E89D000BE286D /* Team.c */ = {isa = PBXFileReference; fileEncoding = 4; lastKnownFileType = sourcecode.c.c; path = Team.c; sourceTree = "<group>"; };
		F0F854221F9E89D000BE286D /* Team.h */ = {isa = PBXFileReference; fileEncoding = 4; lastKnownFileType = sourcecode.c.h; path = Team.h; sourceTree = "<group>"; };
/* End PBXFileReference section */

/* Begin PBXFrameworksBuildPhase section */
		F0F8540F1F9E776300BE286D /* Frameworks */ = {
			isa = PBXFrameworksBuildPhase;
			buildActionMask = 2147483647;
			files = (
			);
			runOnlyForDeploymentPostprocessing = 0;
		};
/* End PBXFrameworksBuildPhase section */

/* Begin PBXGroup section */
		F0F854091F9E776300BE286D = {
			isa = PBXGroup;
			children = (
				F0F854141F9E776300BE286D /* lab4 */,
				F0F854131F9E776300BE286D /* Products */,
			);
			sourceTree = "<group>";
		};
		F0F854131F9E776300BE286D /* Products */ = {
			isa = PBXGroup;
			children = (
				F0F854121F9E776300BE286D /* lab4 */,
			);
			name = Products;
			sourceTree = "<group>";
		};
		F0F854141F9E776300BE286D /* lab4 */ = {
			isa = PBXGroup;
			children = (
				F0F854151F9E776300BE286D /* part1.c */,
				F0F8541F1F9E887800BE286D /* partA.c */,
				F09EC51F1F9ECA6100DDC55E /* partB.c */,
				F09EC5271F9ED67600DDC55E /* partC.c */,
				F0F8541D1F9E77FE00BE286D /* MyString.h */,
				F0F8541C1F9E77FE00BE286D /* MyString.c */,
				F0F854221F9E89D000BE286D /* Team.h */,
				F0F854211F9E89D000BE286D /* Team.c */,
			);
			path = lab4;
			sourceTree = "<group>";
		};
/* End PBXGroup section */

/* Begin PBXNativeTarget section */
		F0F854111F9E776300BE286D /* lab4 */ = {
			isa = PBXNativeTarget;
			buildConfigurationList = F0F854191F9E776300BE286D /* Build configuration list for PBXNativeTarget "lab4" */;
			buildPhases = (
				F0F8540E1F9E776300BE286D /* Sources */,
				F0F8540F1F9E776300BE286D /* Frameworks */,
				F0F854101F9E776300BE286D /* CopyFiles */,
			);
			buildRules = (
			);
			dependencies = (
			);
			name = lab4;
			productName = lab4;
			productReference = F0F854121F9E776300BE286D /* lab4 */;
			productType = "com.apple.product-type.tool";
		};
/* End PBXNativeTarget section */

/* Begin PBXProject section */
		F0F8540A1F9E776300BE286D /* Project object */ = {
			isa = PBXProject;
			attributes = {
				LastUpgradeCheck = 0800;
				ORGANIZATIONNAME = xianng;
				TargetAttributes = {
					F0F854111F9E776300BE286D = {
						CreatedOnToolsVersion = 8.0;
						DevelopmentTeam = BZ2BR27C6A;
						ProvisioningStyle = Automatic;
					};
				};
			};
			buildConfigurationList = F0F8540D1F9E776300BE286D /* Build configuration list for PBXProject "lab4" */;
			compatibilityVersion = "Xcode 3.2";
			developmentRegion = English;
			hasScannedForEncodings = 0;
			knownRegions = (
				en,
			);
			mainGroup = F0F854091F9E776300BE286D;
			productRefGroup = F0F854131F9E776300BE286D /* Products */;
			projectDirPath = "";
			projectRoot = "";
			targets = (
				F0F854111F9E776300BE286D /* lab4 */,
			);
		};
/* End PBXProject section */

/* Begin PBXSourcesBuildPhase section */
		F0F8540E1F9E776300BE286D /* Sources */ = {
			isa = PBXSourcesBuildPhase;
			buildActionMask = 2147483647;
			files = (
				F09EC5451FA12CFE00DDC55E /* partB.c in Sources */,
				F0F8541E1F9E77FE00BE286D /* MyString.c in Sources */,
				F09EC5251F9ED33E00DDC55E /* Team.c in Sources */,
			);
			runOnlyForDeploymentPostprocessing = 0;
		};
/* End PBXSourcesBuildPhase section */

/* Begin XCBuildConfiguration section */
		F0F854171F9E776300BE286D /* Debug */ = {
			isa = XCBuildConfiguration;
			buildSettings = {
				ALWAYS_SEARCH_USER_PATHS = NO;
				CLANG_ANALYZER_NONNULL = YES;
				CLANG_CXX_LANGUAGE_STANDARD = "gnu++0x";
				CLANG_CXX_LIBRARY = "libc++";
				CLANG_ENABLE_MODULES = YES;
				CLANG_ENABLE_OBJC_ARC = YES;
				CLANG_WARN_BOOL_CONVERSION = YES;
				CLANG_WARN_CONSTANT_CONVERSION = YES;
				CLANG_WARN_DIRECT_OBJC_ISA_USAGE = YES_ERROR;
				CLANG_WARN_DOCUMENTATION_COMMENTS = YES;
				CLANG_WARN_EMPTY_BODY = YES;
				CLANG_WARN_ENUM_CONVERSION = YES;
				CLANG_WARN_INFINITE_RECURSION = YES;
				CLANG_WARN_INT_CONVERSION = YES;
				CLANG_WARN_OBJC_ROOT_CLASS = YES_ERROR;
				CLANG_WARN_SUSPICIOUS_MOVES = YES;
				CLANG_WARN_UNREACHABLE_CODE = YES;
				CLANG_WARN__DUPLICATE_METHOD_MATCH = YES;
				CODE_SIGN_IDENTITY = "-";
				COPY_PHASE_STRIP = NO;
				DEBUG_INFORMATION_FORMAT = dwarf;
				ENABLE_STRICT_OBJC_MSGSEND = YES;
				ENABLE_TESTABILITY = YES;
				GCC_C_LANGUAGE_STANDARD = gnu99;
				GCC_DYNAMIC_NO_PIC = NO;
				GCC_NO_COMMON_BLOCKS = YES;
				GCC_OPTIMIZATION_LEVEL = 0;
				GCC_PREPROCESSOR_DEFINITIONS = (
					"DEBUG=1",
					"$(inherited)",
				);
				GCC_WARN_64_TO_32_BIT_CONVERSION = YES;
				GCC_WARN_ABOUT_RETURN_TYPE = YES_ERROR;
				GCC_WARN_UNDECLARED_SELECTOR = YES;
				GCC_WARN_UNINITIALIZED_AUTOS = YES_AGGRESSIVE;
				GCC_WARN_UNUSED_FUNCTION = YES;
				GCC_WARN_UNUSED_VARIABLE = YES;
				MACOSX_DEPLOYMENT_TARGET = 10.12;
				MTL_ENABLE_DEBUG_INFO = YES;
				ONLY_ACTIVE_ARCH = YES;
				SDKROOT = macosx;
			};
			name = Debug;
		};
		F0F854181F9E776300BE286D /* Release */ = {
			isa = XCBuildConfiguration;
			buildSettings = {
				ALWAYS_SEARCH_USER_PATHS = NO;
				CLANG_ANALYZER_NONNULL = YES;
				CLANG_CXX_LANGUAGE_STANDARD = "gnu++0x";
				CLANG_CXX_LIBRARY = "libc++";
				CLANG_ENABLE_MODULES = YES;
				CLANG_ENABLE_OBJC_ARC = YES;
				CLANG_WARN_BOOL_CONVERSION = YES;
				CLANG_WARN_CONSTANT_CONVERSION = YES;
				CLANG_WARN_DIRECT_OBJC_ISA_USAGE = YES_ERROR;
				CLANG_WARN_DOCUMENTATION_COMMENTS = YES;
				CLANG_WARN_EMPTY_BODY = YES;
				CLANG_WARN_ENUM_CONVERSION = YES;
				CLANG_WARN_INFINITE_RECURSION = YES;
				CLANG_WARN_INT_CONVERSION = YES;
				CLANG_WARN_OBJC_ROOT_CLASS = YES_ERROR;
				CLANG_WARN_SUSPICIOUS_MOVES = YES;
				CLANG_WARN_UNREACHABLE_CODE = YES;
				CLANG_WARN__DUPLICATE_METHOD_MATCH = YES;
				CODE_SIGN_IDENTITY = "-";
				COPY_PHASE_STRIP = NO;
				DEBUG_INFORMATION_FORMAT = "dwarf-with-dsym";
				ENABLE_NS_ASSERTIONS = NO;
				ENABLE_STRICT_OBJC_MSGSEND = YES;
				GCC_C_LANGUAGE_STANDARD = gnu99;
				GCC_NO_COMMON_BLOCKS = YES;
				GCC_WARN_64_TO_32_BIT_CONVERSION = YES;
				GCC_WARN_ABOUT_RETURN_TYPE = YES_ERROR;
				GCC_WARN_UNDECLARED_SELECTOR = YES;
				GCC_WARN_UNINITIALIZED_AUTOS = YES_AGGRESSIVE;
				GCC_WARN_UNUSED_FUNCTION = YES;
				GCC_WARN_UNUSED_VARIABLE = YES;
				MACOSX_DEPLOYMENT_TARGET = 10.12;
				MTL_ENABLE_DEBUG_INFO = NO;
				SDKROOT = macosx;
			};
			name = Release;
		};
		F0F8541A1F9E776300BE286D /* Debug */ = {
			isa = XCBuildConfiguration;
			buildSettings = {
				DEVELOPMENT_TEAM = BZ2BR27C6A;
				PRODUCT_NAME = "$(TARGET_NAME)";
			};
			name = Debug;
		};
		F0F8541B1F9E776300BE286D /* Release */ = {
			isa = XCBuildConfiguration;
			buildSettings = {
				DEVELOPMENT_TEAM = BZ2BR27C6A;
				PRODUCT_NAME = "$(TARGET_NAME)";
			};
			name = Release;
		};
/* End XCBuildConfiguration section */

/* Begin XCConfigurationList section */
		F0F8540D1F9E776300BE286D /* Build configuration list for PBXProject "lab4" */ = {
			isa = XCConfigurationList;
			buildConfigurations = (
				F0F854171F9E776300BE286D /* Debug */,
				F0F854181F9E776300BE286D /* Release */,
			);
			defaultConfigurationIsVisible = 0;
			defaultConfigurationName = Release;
		};
		F0F854191F9E776300BE286D /* Build configuration list for PBXNativeTarget "lab4" */ = {
			isa = XCConfigurationList;
			buildConfigurations = (
				F0F8541A1F9E776300BE286D /* Debug */,
				F0F8541B1F9E776300BE286D /* Release */,
			);
			defaultConfigurationIsVisible = 0;
			defaultConfigurationName = Release;
		};
/* End XCConfigurationList section */
	};
	rootObject = F0F8540A1F9E776300BE286D /* Project object */;
}
